
Microsoft Visual Studio Solution File, Format Version 12.00
# Visual Studio Version 17
VisualStudioVersion = 17.4.33205.214
MinimumVisualStudioVersion = 10.0.40219.1
Project("{9A19103F-16F7-4668-BE54-9A1E7A4F7556}") = "SocialNetwork", "SocialNetwork\SocialNetwork.csproj", "{96D876D1-5046-4F0F-B7B0-1B5CEFBBA2A6}"
EndProject
Project("{FAE04EC0-301F-11D3-BF4B-00C04F79EFBC}") = "SocialNetwork.Tests", "SocialNetwork.Tests\SocialNetwork.Tests.csproj", "{0A2CFEDA-6A66-4DA6-B66B-C1A69A35862D}"
EndProject
Global
	GlobalSection(SolutionConfigurationPlatforms) = preSolution
		Debug|Any CPU = Debug|Any CPU
		Release|Any CPU = Release|Any CPU
	EndGlobalSection
	GlobalSection(ProjectConfigurationPlatforms) = postSolution
		{96D876D1-5046-4F0F-B7B0-1B5CEFBBA2A6}.Debug|Any CPU.ActiveCfg = Debug|Any CPU
		{96D876D1-5046-4F0F-B7B0-1B5CEFBBA2A6}.Debug|Any CPU.Build.0 = Debug|Any CPU
		{96D876D1-5046-4F0F-B7B0-1B5CEFBBA2A6}.Release|Any CPU.ActiveCfg = Release|Any CPU
		{96D876D1-5046-4F0F-B7B0-1B5CEFBBA2A6}.Release|Any CPU.Build.0 = Release|Any CPU
		{0A2CFEDA-6A66-4DA6-B66B-C1A69A35862D}.Debug|Any CPU.ActiveCfg = Debug|Any CPU
		{0A2CFEDA-6A66-4DA6-B66B-C1A69A35862D}.Debug|Any CPU.Build.0 = Debug|Any CPU
		{0A2CFEDA-6A66-4DA6-B66B-C1A69A35862D}.Release|Any CPU.ActiveCfg = Release|Any CPU
		{0A2CFEDA-6A66-4DA6-B66B-C1A69A35862D}.Release|Any CPU.Build.0 = Release|Any CPU
	EndGlobalSection
	GlobalSection(SolutionProperties) = preSolution
		HideSolutionNode = FALSE
	EndGlobalSection
	GlobalSection(ExtensibilityGlobals) = postSolution
		SolutionGuid = {694C6BAE-609A-4652-B88D-647515C2CA39}
	EndGlobalSection
EndGlobal
